// !$*UTF8*$!
{
	archiveVersion = 1;
	classes = {
	};
	objectVersion = 55;
	objects = {

/* Begin PBXBuildFile section */
		6593CC2A2849BF730024E3B8 /* main.swift in Sources */ = {isa = PBXBuildFile; fileRef = 6593CC292849BF730024E3B8 /* main.swift */; };
		6593CC312849BFFF0024E3B8 /* Leetcode946.swift in Sources */ = {isa = PBXBuildFile; fileRef = 6593CC302849BFFF0024E3B8 /* Leetcode946.swift */; };
		6593CC332849D04D0024E3B8 /* Leetcode160.swift in Sources */ = {isa = PBXBuildFile; fileRef = 6593CC322849D04D0024E3B8 /* Leetcode160.swift */; };
		6593CC39284A2C820024E3B8 /* Solution.swift in Sources */ = {isa = PBXBuildFile; fileRef = 6593CC35284A2C820024E3B8 /* Solution.swift */; };
		6593CC3A284A2C820024E3B8 /* BubbleSort.swift in Sources */ = {isa = PBXBuildFile; fileRef = 6593CC36284A2C820024E3B8 /* BubbleSort.swift */; };
		6593CC3B284A2C820024E3B8 /* HeapSort.swift in Sources */ = {isa = PBXBuildFile; fileRef = 6593CC37284A2C820024E3B8 /* HeapSort.swift */; };
		6593CC3C284A2C820024E3B8 /* SelectionSort.swift in Sources */ = {isa = PBXBuildFile; fileRef = 6593CC38284A2C820024E3B8 /* SelectionSort.swift */; };
		6593CC3F284A2CCB0024E3B8 /* Leetcode206.swift in Sources */ = {isa = PBXBuildFile; fileRef = 6593CC3E284A2CCB0024E3B8 /* Leetcode206.swift */; };
		6593CC41284A2DDD0024E3B8 /* ListNode.swift in Sources */ = {isa = PBXBuildFile; fileRef = 6593CC40284A2DDD0024E3B8 /* ListNode.swift */; };
		6593CC43284AFF500024E3B8 /* Leetcode155.swift in Sources */ = {isa = PBXBuildFile; fileRef = 6593CC42284AFF500024E3B8 /* Leetcode155.swift */; };
		6593CC45284C4C030024E3B8 /* Leetcode268.swift in Sources */ = {isa = PBXBuildFile; fileRef = 6593CC44284C4C030024E3B8 /* Leetcode268.swift */; };
/* End PBXBuildFile section */

/* Begin PBXCopyFilesBuildPhase section */
		6593CC242849BF730024E3B8 /* CopyFiles */ = {
			isa = PBXCopyFilesBuildPhase;
			buildActionMask = 2147483647;
			dstPath = /usr/share/man/man1/;
			dstSubfolderSpec = 0;
			files = (
			);
			runOnlyForDeploymentPostprocessing = 1;
		};
/* End PBXCopyFilesBuildPhase section */

/* Begin PBXFileReference section */
		6593CC262849BF730024E3B8 /* AlgorithmStudy */ = {isa = PBXFileReference; explicitFileType = "compiled.mach-o.executable"; includeInIndex = 0; path = AlgorithmStudy; sourceTree = BUILT_PRODUCTS_DIR; };
		6593CC292849BF730024E3B8 /* main.swift */ = {isa = PBXFileReference; lastKnownFileType = sourcecode.swift; path = main.swift; sourceTree = "<group>"; };
		6593CC302849BFFF0024E3B8 /* Leetcode946.swift */ = {isa = PBXFileReference; lastKnownFileType = sourcecode.swift; path = Leetcode946.swift; sourceTree = "<group>"; };
		6593CC322849D04D0024E3B8 /* Leetcode160.swift */ = {isa = PBXFileReference; lastKnownFileType = sourcecode.swift; path = Leetcode160.swift; sourceTree = "<group>"; };
		6593CC35284A2C820024E3B8 /* Solution.swift */ = {isa = PBXFileReference; fileEncoding = 4; lastKnownFileType = sourcecode.swift; path = Solution.swift; sourceTree = "<group>"; };
		6593CC36284A2C820024E3B8 /* BubbleSort.swift */ = {isa = PBXFileReference; fileEncoding = 4; lastKnownFileType = sourcecode.swift; path = BubbleSort.swift; sourceTree = "<group>"; };
		6593CC37284A2C820024E3B8 /* HeapSort.swift */ = {isa = PBXFileReference; fileEncoding = 4; lastKnownFileType = sourcecode.swift; path = HeapSort.swift; sourceTree = "<group>"; };
		6593CC38284A2C820024E3B8 /* SelectionSort.swift */ = {isa = PBXFileReference; fileEncoding = 4; lastKnownFileType = sourcecode.swift; path = SelectionSort.swift; sourceTree = "<group>"; };
		6593CC3E284A2CCB0024E3B8 /* Leetcode206.swift */ = {isa = PBXFileReference; lastKnownFileType = sourcecode.swift; path = Leetcode206.swift; sourceTree = "<group>"; };
		6593CC40284A2DDD0024E3B8 /* ListNode.swift */ = {isa = PBXFileReference; lastKnownFileType = sourcecode.swift; path = ListNode.swift; sourceTree = "<group>"; };
		6593CC42284AFF500024E3B8 /* Leetcode155.swift */ = {isa = PBXFileReference; lastKnownFileType = sourcecode.swift; path = Leetcode155.swift; sourceTree = "<group>"; };
		6593CC44284C4C030024E3B8 /* Leetcode268.swift */ = {isa = PBXFileReference; lastKnownFileType = sourcecode.swift; path = Leetcode268.swift; sourceTree = "<group>"; };
/* End PBXFileReference section */

/* Begin PBXFrameworksBuildPhase section */
		6593CC232849BF730024E3B8 /* Frameworks */ = {
			isa = PBXFrameworksBuildPhase;
			buildActionMask = 2147483647;
			files = (
			);
			runOnlyForDeploymentPostprocessing = 0;
		};
/* End PBXFrameworksBuildPhase section */

/* Begin PBXGroup section */
		6593CC1D2849BF730024E3B8 = {
			isa = PBXGroup;
			children = (
				6593CC282849BF730024E3B8 /* AlgorithmStudy */,
				6593CC272849BF730024E3B8 /* Products */,
			);
			sourceTree = "<group>";
		};
		6593CC272849BF730024E3B8 /* Products */ = {
			isa = PBXGroup;
			children = (
				6593CC262849BF730024E3B8 /* AlgorithmStudy */,
			);
			name = Products;
			sourceTree = "<group>";
		};
		6593CC282849BF730024E3B8 /* AlgorithmStudy */ = {
			isa = PBXGroup;
			children = (
				6593CC292849BF730024E3B8 /* main.swift */,
				6593CC3D284A2C9C0024E3B8 /* Leetcode */,
				6593CC34284A2C450024E3B8 /* Other */,
			);
			path = AlgorithmStudy;
			sourceTree = "<group>";
		};
		6593CC34284A2C450024E3B8 /* Other */ = {
			isa = PBXGroup;
			children = (
				6593CC36284A2C820024E3B8 /* BubbleSort.swift */,
				6593CC37284A2C820024E3B8 /* HeapSort.swift */,
				6593CC38284A2C820024E3B8 /* SelectionSort.swift */,
				6593CC35284A2C820024E3B8 /* Solution.swift */,
			);
			path = Other;
			sourceTree = "<group>";
		};
		6593CC3D284A2C9C0024E3B8 /* Leetcode */ = {
			isa = PBXGroup;
			children = (
				6593CC40284A2DDD0024E3B8 /* ListNode.swift */,
				6593CC302849BFFF0024E3B8 /* Leetcode946.swift */,
				6593CC322849D04D0024E3B8 /* Leetcode160.swift */,
				6593CC3E284A2CCB0024E3B8 /* Leetcode206.swift */,
				6593CC42284AFF500024E3B8 /* Leetcode155.swift */,
				6593CC44284C4C030024E3B8 /* Leetcode268.swift */,
			);
			path = Leetcode;
			sourceTree = "<group>";
		};
/* End PBXGroup section */

/* Begin PBXNativeTarget section */
		6593CC252849BF730024E3B8 /* AlgorithmStudy */ = {
			isa = PBXNativeTarget;
			buildConfigurationList = 6593CC2D2849BF730024E3B8 /* Build configuration list for PBXNativeTarget "AlgorithmStudy" */;
			buildPhases = (
				6593CC222849BF730024E3B8 /* Sources */,
				6593CC232849BF730024E3B8 /* Frameworks */,
				6593CC242849BF730024E3B8 /* CopyFiles */,
			);
			buildRules = (
			);
			dependencies = (
			);
			name = AlgorithmStudy;
			productName = AlgorithmStudy;
			productReference = 6593CC262849BF730024E3B8 /* AlgorithmStudy */;
			productType = "com.apple.product-type.tool";
		};
/* End PBXNativeTarget section */

/* Begin PBXProject section */
		6593CC1E2849BF730024E3B8 /* Project object */ = {
			isa = PBXProject;
			attributes = {
				BuildIndependentTargetsInParallel = 1;
				LastSwiftUpdateCheck = 1330;
				LastUpgradeCheck = 1330;
				TargetAttributes = {
					6593CC252849BF730024E3B8 = {
						CreatedOnToolsVersion = 13.3;
					};
				};
			};
			buildConfigurationList = 6593CC212849BF730024E3B8 /* Build configuration list for PBXProject "AlgorithmStudy" */;
			compatibilityVersion = "Xcode 13.0";
			developmentRegion = en;
			hasScannedForEncodings = 0;
			knownRegions = (
				en,
				Base,
			);
			mainGroup = 6593CC1D2849BF730024E3B8;
			productRefGroup = 6593CC272849BF730024E3B8 /* Products */;
			projectDirPath = "";
			projectRoot = "";
			targets = (
				6593CC252849BF730024E3B8 /* AlgorithmStudy */,
			);
		};
/* End PBXProject section */

/* Begin PBXSourcesBuildPhase section */
		6593CC222849BF730024E3B8 /* Sources */ = {
			isa = PBXSourcesBuildPhase;
			buildActionMask = 2147483647;
			files = (
				6593CC43284AFF500024E3B8 /* Leetcode155.swift in Sources */,
				6593CC312849BFFF0024E3B8 /* Leetcode946.swift in Sources */,
				6593CC3F284A2CCB0024E3B8 /* Leetcode206.swift in Sources */,
				6593CC41284A2DDD0024E3B8 /* ListNode.swift in Sources */,
				6593CC3B284A2C820024E3B8 /* HeapSort.swift in Sources */,
				6593CC3C284A2C820024E3B8 /* SelectionSort.swift in Sources */,
				6593CC332849D04D0024E3B8 /* Leetcode160.swift in Sources */,
				6593CC3A284A2C820024E3B8 /* BubbleSort.swift in Sources */,
				6593CC45284C4C030024E3B8 /* Leetcode268.swift in Sources */,
				6593CC39284A2C820024E3B8 /* Solution.swift in Sources */,
				6593CC2A2849BF730024E3B8 /* main.swift in Sources */,
			);
			runOnlyForDeploymentPostprocessing = 0;
		};
/* End PBXSourcesBuildPhase section */

/* Begin XCBuildConfiguration section */
		6593CC2B2849BF730024E3B8 /* Debug */ = {
			isa = XCBuildConfiguration;
			buildSettings = {
				ALWAYS_SEARCH_USER_PATHS = NO;
				CLANG_ANALYZER_NONNULL = YES;
				CLANG_ANALYZER_NUMBER_OBJECT_CONVERSION = YES_AGGRESSIVE;
				CLANG_CXX_LANGUAGE_STANDARD = "gnu++17";
				CLANG_ENABLE_MODULES = YES;
				CLANG_ENABLE_OBJC_ARC = YES;
				CLANG_ENABLE_OBJC_WEAK = YES;
				CLANG_WARN_BLOCK_CAPTURE_AUTORELEASING = YES;
				CLANG_WARN_BOOL_CONVERSION = YES;
				CLANG_WARN_COMMA = YES;
				CLANG_WARN_CONSTANT_CONVERSION = YES;
				CLANG_WARN_DEPRECATED_OBJC_IMPLEMENTATIONS = YES;
				CLANG_WARN_DIRECT_OBJC_ISA_USAGE = YES_ERROR;
				CLANG_WARN_DOCUMENTATION_COMMENTS = YES;
				CLANG_WARN_EMPTY_BODY = YES;
				CLANG_WARN_ENUM_CONVERSION = YES;
				CLANG_WARN_INFINITE_RECURSION = YES;
				CLANG_WARN_INT_CONVERSION = YES;
				CLANG_WARN_NON_LITERAL_NULL_CONVERSION = YES;
				CLANG_WARN_OBJC_IMPLICIT_RETAIN_SELF = YES;
				CLANG_WARN_OBJC_LITERAL_CONVERSION = YES;
				CLANG_WARN_OBJC_ROOT_CLASS = YES_ERROR;
				CLANG_WARN_QUOTED_INCLUDE_IN_FRAMEWORK_HEADER = YES;
				CLANG_WARN_RANGE_LOOP_ANALYSIS = YES;
				CLANG_WARN_STRICT_PROTOTYPES = YES;
				CLANG_WARN_SUSPICIOUS_MOVE = YES;
				CLANG_WARN_UNGUARDED_AVAILABILITY = YES_AGGRESSIVE;
				CLANG_WARN_UNREACHABLE_CODE = YES;
				CLANG_WARN__DUPLICATE_METHOD_MATCH = YES;
				COPY_PHASE_STRIP = NO;
				DEBUG_INFORMATION_FORMAT = dwarf;
				ENABLE_STRICT_OBJC_MSGSEND = YES;
				ENABLE_TESTABILITY = YES;
				GCC_C_LANGUAGE_STANDARD = gnu11;
				GCC_DYNAMIC_NO_PIC = NO;
				GCC_NO_COMMON_BLOCKS = YES;
				GCC_OPTIMIZATION_LEVEL = 0;
				GCC_PREPROCESSOR_DEFINITIONS = (
					"DEBUG=1",
					"$(inherited)",
				);
				GCC_WARN_64_TO_32_BIT_CONVERSION = YES;
				GCC_WARN_ABOUT_RETURN_TYPE = YES_ERROR;
				GCC_WARN_UNDECLARED_SELECTOR = YES;
				GCC_WARN_UNINITIALIZED_AUTOS = YES_AGGRESSIVE;
				GCC_WARN_UNUSED_FUNCTION = YES;
				GCC_WARN_UNUSED_VARIABLE = YES;
				MACOSX_DEPLOYMENT_TARGET = 12.3;
				MTL_ENABLE_DEBUG_INFO = INCLUDE_SOURCE;
				MTL_FAST_MATH = YES;
				ONLY_ACTIVE_ARCH = YES;
				SDKROOT = macosx;
				SWIFT_ACTIVE_COMPILATION_CONDITIONS = DEBUG;
				SWIFT_OPTIMIZATION_LEVEL = "-Onone";
			};
			name = Debug;
		};
		6593CC2C2849BF730024E3B8 /* Release */ = {
			isa = XCBuildConfiguration;
			buildSettings = {
				ALWAYS_SEARCH_USER_PATHS = NO;
				CLANG_ANALYZER_NONNULL = YES;
				CLANG_ANALYZER_NUMBER_OBJECT_CONVERSION = YES_AGGRESSIVE;
				CLANG_CXX_LANGUAGE_STANDARD = "gnu++17";
				CLANG_ENABLE_MODULES = YES;
				CLANG_ENABLE_OBJC_ARC = YES;
				CLANG_ENABLE_OBJC_WEAK = YES;
				CLANG_WARN_BLOCK_CAPTURE_AUTORELEASING = YES;
				CLANG_WARN_BOOL_CONVERSION = YES;
				CLANG_WARN_COMMA = YES;
				CLANG_WARN_CONSTANT_CONVERSION = YES;
				CLANG_WARN_DEPRECATED_OBJC_IMPLEMENTATIONS = YES;
				CLANG_WARN_DIRECT_OBJC_ISA_USAGE = YES_ERROR;
				CLANG_WARN_DOCUMENTATION_COMMENTS = YES;
				CLANG_WARN_EMPTY_BODY = YES;
				CLANG_WARN_ENUM_CONVERSION = YES;
				CLANG_WARN_INFINITE_RECURSION = YES;
				CLANG_WARN_INT_CONVERSION = YES;
				CLANG_WARN_NON_LITERAL_NULL_CONVERSION = YES;
				CLANG_WARN_OBJC_IMPLICIT_RETAIN_SELF = YES;
				CLANG_WARN_OBJC_LITERAL_CONVERSION = YES;
				CLANG_WARN_OBJC_ROOT_CLASS = YES_ERROR;
				CLANG_WARN_QUOTED_INCLUDE_IN_FRAMEWORK_HEADER = YES;
				CLANG_WARN_RANGE_LOOP_ANALYSIS = YES;
				CLANG_WARN_STRICT_PROTOTYPES = YES;
				CLANG_WARN_SUSPICIOUS_MOVE = YES;
				CLANG_WARN_UNGUARDED_AVAILABILITY = YES_AGGRESSIVE;
				CLANG_WARN_UNREACHABLE_CODE = YES;
				CLANG_WARN__DUPLICATE_METHOD_MATCH = YES;
				COPY_PHASE_STRIP = NO;
				DEBUG_INFORMATION_FORMAT = "dwarf-with-dsym";
				ENABLE_NS_ASSERTIONS = NO;
				ENABLE_STRICT_OBJC_MSGSEND = YES;
				GCC_C_LANGUAGE_STANDARD = gnu11;
				GCC_NO_COMMON_BLOCKS = YES;
				GCC_WARN_64_TO_32_BIT_CONVERSION = YES;
				GCC_WARN_ABOUT_RETURN_TYPE = YES_ERROR;
				GCC_WARN_UNDECLARED_SELECTOR = YES;
				GCC_WARN_UNINITIALIZED_AUTOS = YES_AGGRESSIVE;
				GCC_WARN_UNUSED_FUNCTION = YES;
				GCC_WARN_UNUSED_VARIABLE = YES;
				MACOSX_DEPLOYMENT_TARGET = 12.3;
				MTL_ENABLE_DEBUG_INFO = NO;
				MTL_FAST_MATH = YES;
				SDKROOT = macosx;
				SWIFT_COMPILATION_MODE = wholemodule;
				SWIFT_OPTIMIZATION_LEVEL = "-O";
			};
			name = Release;
		};
		6593CC2E2849BF730024E3B8 /* Debug */ = {
			isa = XCBuildConfiguration;
			buildSettings = {
				CODE_SIGN_STYLE = Automatic;
				PRODUCT_NAME = "$(TARGET_NAME)";
				SWIFT_VERSION = 5.0;
			};
			name = Debug;
		};
		6593CC2F2849BF730024E3B8 /* Release */ = {
			isa = XCBuildConfiguration;
			buildSettings = {
				CODE_SIGN_STYLE = Automatic;
				PRODUCT_NAME = "$(TARGET_NAME)";
				SWIFT_VERSION = 5.0;
			};
			name = Release;
		};
/* End XCBuildConfiguration section */

/* Begin XCConfigurationList section */
		6593CC212849BF730024E3B8 /* Build configuration list for PBXProject "AlgorithmStudy" */ = {
			isa = XCConfigurationList;
			buildConfigurations = (
				6593CC2B2849BF730024E3B8 /* Debug */,
				6593CC2C2849BF730024E3B8 /* Release */,
			);
			defaultConfigurationIsVisible = 0;
			defaultConfigurationName = Release;
		};
		6593CC2D2849BF730024E3B8 /* Build configuration list for PBXNativeTarget "AlgorithmStudy" */ = {
			isa = XCConfigurationList;
			buildConfigurations = (
				6593CC2E2849BF730024E3B8 /* Debug */,
				6593CC2F2849BF730024E3B8 /* Release */,
			);
			defaultConfigurationIsVisible = 0;
			defaultConfigurationName = Release;
		};
/* End XCConfigurationList section */
	};
	rootObject = 6593CC1E2849BF730024E3B8 /* Project object */;
}
